
Microsoft Visual Studio Solution File, Format Version 12.00
# Visual Studio Version 17
VisualStudioVersion = 17.5.33502.453
MinimumVisualStudioVersion = 10.0.40219.1
Project("{FAE04EC0-301F-11D3-BF4B-00C04F79EFBC}") = "Prime1", "Prime1\Prime1.csproj", "{322F1BCC-6A60-4883-A879-76123589A6B2}"
EndProject
Global
	GlobalSection(SolutionConfigurationPlatforms) = preSolution
		Debug|Any CPU = Debug|Any CPU
		Release|Any CPU = Release|Any CPU
	EndGlobalSection
	GlobalSection(ProjectConfigurationPlatforms) = postSolution
		{322F1BCC-6A60-4883-A879-76123589A6B2}.Debug|Any CPU.ActiveCfg = Debug|Any CPU
		{322F1BCC-6A60-4883-A879-76123589A6B2}.Debug|Any CPU.Build.0 = Debug|Any CPU
		{322F1BCC-6A60-4883-A879-76123589A6B2}.Release|Any CPU.ActiveCfg = Release|Any CPU
		{322F1BCC-6A60-4883-A879-76123589A6B2}.Release|Any CPU.Build.0 = Release|Any CPU
	EndGlobalSection
	GlobalSection(SolutionProperties) = preSolution
		HideSolutionNode = FALSE
	EndGlobalSection
	GlobalSection(ExtensibilityGlobals) = postSolution
		SolutionGuid = {2CF3D7B4-FF03-4CA6-A2EB-B565F6741738}
	EndGlobalSection
EndGlobal
